
Microsoft Visual Studio Solution File, Format Version 12.00
# Visual Studio Version 16
VisualStudioVersion = 16.0.30011.22
MinimumVisualStudioVersion = 10.0.40219.1
Project("{FAE04EC0-301F-11D3-BF4B-00C04F79EFBC}") = "custom-button-with-index", "custom-button-with-index\custom-button-with-index.csproj", "{622FB831-8992-41CA-B8C6-890C73F0E3E1}"
EndProject
Global
	GlobalSection(SolutionConfigurationPlatforms) = preSolution
		Debug|Any CPU = Debug|Any CPU
		Release|Any CPU = Release|Any CPU
	EndGlobalSection
	GlobalSection(ProjectConfigurationPlatforms) = postSolution
		{622FB831-8992-41CA-B8C6-890C73F0E3E1}.Debug|Any CPU.ActiveCfg = Debug|Any CPU
		{622FB831-8992-41CA-B8C6-890C73F0E3E1}.Debug|Any CPU.Build.0 = Debug|Any CPU
		{622FB831-8992-41CA-B8C6-890C73F0E3E1}.Release|Any CPU.ActiveCfg = Release|Any CPU
		{622FB831-8992-41CA-B8C6-890C73F0E3E1}.Release|Any CPU.Build.0 = Release|Any CPU
	EndGlobalSection
	GlobalSection(SolutionProperties) = preSolution
		HideSolutionNode = FALSE
	EndGlobalSection
	GlobalSection(ExtensibilityGlobals) = postSolution
		SolutionGuid = {12AA8B88-9FAB-482C-9319-9EE0B18789A2}
	EndGlobalSection
EndGlobal
